{
  "name": "webp-cli",
  "version": "1.0.0",
  "lockfileVersion": 1,
  "requires": true,
  "dependencies": {
    "webp-converter": {
      "version": "2.2.8",
      "resolved": "https://registry.npmjs.org/webp-converter/-/webp-converter-2.2.8.tgz",
      "integrity": "sha512-ntur5SLBIuOVQReQhvkox8SLOO4WcF2vN6GcODhdSlP1GqxIjQ6pDMuR6oY7Gm7rKjwubUanfp7gM6uUDrwlew=="
    }
  }
}
